// !$*UTF8*$!
{
	archiveVersion = 1;
	classes = {
	};
	objectVersion = 50;
	objects = {

/* Begin PBXBuildFile section */
		380BC6A954FCAC1546AAA63B /* Pods_Proyecto5A_Proyecto5AUITests.framework in Frameworks */ = {isa = PBXBuildFile; fileRef = 278B2FD83E206E44CACE7739 /* Pods_Proyecto5A_Proyecto5AUITests.framework */; };
		6C24F284082F0267AD50A1BE /* Pods_Proyecto5ATests.framework in Frameworks */ = {isa = PBXBuildFile; fileRef = CE143FC126EF66ACB59544E7 /* Pods_Proyecto5ATests.framework */; };
		B76BA6532BF4AF6F665CB44E /* Pods_Proyecto5A.framework in Frameworks */ = {isa = PBXBuildFile; fileRef = 218C9D5B9335D8B71B2C3595 /* Pods_Proyecto5A.framework */; };
		C853BB7E27FF15670020C28F /* AppDelegate.m in Sources */ = {isa = PBXBuildFile; fileRef = C853BB7D27FF15670020C28F /* AppDelegate.m */; };
		C853BB8127FF15670020C28F /* SceneDelegate.m in Sources */ = {isa = PBXBuildFile; fileRef = C853BB8027FF15670020C28F /* SceneDelegate.m */; };
		C853BB8427FF15670020C28F /* ViewController.m in Sources */ = {isa = PBXBuildFile; fileRef = C853BB8327FF15670020C28F /* ViewController.m */; };
		C853BB8727FF15670020C28F /* Main.storyboard in Resources */ = {isa = PBXBuildFile; fileRef = C853BB8527FF15670020C28F /* Main.storyboard */; };
		C853BB8927FF156E0020C28F /* Assets.xcassets in Resources */ = {isa = PBXBuildFile; fileRef = C853BB8827FF156E0020C28F /* Assets.xcassets */; };
		C853BB8C27FF156E0020C28F /* LaunchScreen.storyboard in Resources */ = {isa = PBXBuildFile; fileRef = C853BB8A27FF156E0020C28F /* LaunchScreen.storyboard */; };
		C853BB8F27FF156E0020C28F /* main.m in Sources */ = {isa = PBXBuildFile; fileRef = C853BB8E27FF156E0020C28F /* main.m */; };
		C853BB9927FF156E0020C28F /* Proyecto5ATests.m in Sources */ = {isa = PBXBuildFile; fileRef = C853BB9827FF156E0020C28F /* Proyecto5ATests.m */; };
		C853BBA427FF156E0020C28F /* Proyecto5AUITests.m in Sources */ = {isa = PBXBuildFile; fileRef = C853BBA327FF156E0020C28F /* Proyecto5AUITests.m */; };
		C8579FF028009F7000053143 /* MovimientoViewController.m in Sources */ = {isa = PBXBuildFile; fileRef = C8579FEF28009F7000053143 /* MovimientoViewController.m */; };
		C857A0002804868600053143 /* LoginViewController.m in Sources */ = {isa = PBXBuildFile; fileRef = C8579FFF2804868600053143 /* LoginViewController.m */; };
		C857A00E28048C5100053143 /* WebViewController.m in Sources */ = {isa = PBXBuildFile; fileRef = C857A00D28048C5100053143 /* WebViewController.m */; };
		C857A0142804923E00053143 /* WebKit.framework in Frameworks */ = {isa = PBXBuildFile; fileRef = C857A0132804923D00053143 /* WebKit.framework */; };
		C857A0402805E36E00053143 /* Datos.m in Sources */ = {isa = PBXBuildFile; fileRef = C857A03F2805E36E00053143 /* Datos.m */; };
		E8A9117C2805E89900B7B240 /* DatosViewController.m in Sources */ = {isa = PBXBuildFile; fileRef = E8A9117B2805E89900B7B240 /* DatosViewController.m */; };
		E8A9119128071DB800B7B240 /* ethnocentric rg it.otf in Resources */ = {isa = PBXBuildFile; fileRef = E8A9118D28071DB800B7B240 /* ethnocentric rg it.otf */; };
		E8A9119228071DB800B7B240 /* typodermic-eula-03-2020.pdf in Resources */ = {isa = PBXBuildFile; fileRef = E8A9118E28071DB800B7B240 /* typodermic-eula-03-2020.pdf */; };
		E8A9119328071DB800B7B240 /* ethnocentric rg.otf in Resources */ = {isa = PBXBuildFile; fileRef = E8A9118F28071DB800B7B240 /* ethnocentric rg.otf */; };
		E8A9119428071DB800B7B240 /* read-this.html in Resources */ = {isa = PBXBuildFile; fileRef = E8A9119028071DB800B7B240 /* read-this.html */; };
		E8A911AE2807246500B7B240 /* kisspng-arrow-button-computer-icons-clip-art-left-arrow-5b35cacb096341.9629085015302519790385.png in Resources */ = {isa = PBXBuildFile; fileRef = E8A9119C2807246400B7B240 /* kisspng-arrow-button-computer-icons-clip-art-left-arrow-5b35cacb096341.9629085015302519790385.png */; };
		E8A911AF2807246500B7B240 /* flecha_izq.png in Resources */ = {isa = PBXBuildFile; fileRef = E8A9119D2807246400B7B240 /* flecha_izq.png */; };
		E8A911B02807246500B7B240 /* pngegg (3).png in Resources */ = {isa = PBXBuildFile; fileRef = E8A9119E2807246400B7B240 /* pngegg (3).png */; };
		E8A911B12807246500B7B240 /* IZQ2.png in Resources */ = {isa = PBXBuildFile; fileRef = E8A9119F2807246400B7B240 /* IZQ2.png */; };
		E8A911B22807246500B7B240 /* CARRO.png in Resources */ = {isa = PBXBuildFile; fileRef = E8A911A02807246400B7B240 /* CARRO.png */; };
		E8A911B32807246500B7B240 /* temp1.jpg in Resources */ = {isa = PBXBuildFile; fileRef = E8A911A32807246500B7B240 /* temp1.jpg */; };
		E8A911B42807246500B7B240 /* temp1.png in Resources */ = {isa = PBXBuildFile; fileRef = E8A911A42807246500B7B240 /* temp1.png */; };
		E8A911B52807246500B7B240 /* sp_vel1_indicador.png in Resources */ = {isa = PBXBuildFile; fileRef = E8A911A62807246500B7B240 /* sp_vel1_indicador.png */; };
		E8A911B62807246500B7B240 /* sp_vel1.jpg in Resources */ = {isa = PBXBuildFile; fileRef = E8A911A72807246500B7B240 /* sp_vel1.jpg */; };
		E8A911B72807246500B7B240 /* sp_vel1.png in Resources */ = {isa = PBXBuildFile; fileRef = E8A911A82807246500B7B240 /* sp_vel1.png */; };
		E8A911B82807246500B7B240 /* Logo.jpeg in Resources */ = {isa = PBXBuildFile; fileRef = E8A911A92807246500B7B240 /* Logo.jpeg */; };
		E8A911B92807246500B7B240 /* flecha_der.png in Resources */ = {isa = PBXBuildFile; fileRef = E8A911AA2807246500B7B240 /* flecha_der.png */; };
		E8A911BA2807246500B7B240 /* PEDAL2.png in Resources */ = {isa = PBXBuildFile; fileRef = E8A911AB2807246500B7B240 /* PEDAL2.png */; };
		E8A911BB2807246500B7B240 /* DER2.png in Resources */ = {isa = PBXBuildFile; fileRef = E8A911AC2807246500B7B240 /* DER2.png */; };
		E8A911BC2807246500B7B240 /* PEDAL1.png in Resources */ = {isa = PBXBuildFile; fileRef = E8A911AD2807246500B7B240 /* PEDAL1.png */; };
/* End PBXBuildFile section */

/* Begin PBXContainerItemProxy section */
		C853BB9527FF156E0020C28F /* PBXContainerItemProxy */ = {
			isa = PBXContainerItemProxy;
			containerPortal = C853BB7127FF15670020C28F /* Project object */;
			proxyType = 1;
			remoteGlobalIDString = C853BB7827FF15670020C28F;
			remoteInfo = Proyecto5A;
		};
		C853BBA027FF156E0020C28F /* PBXContainerItemProxy */ = {
			isa = PBXContainerItemProxy;
			containerPortal = C853BB7127FF15670020C28F /* Project object */;
			proxyType = 1;
			remoteGlobalIDString = C853BB7827FF15670020C28F;
			remoteInfo = Proyecto5A;
		};
/* End PBXContainerItemProxy section */

/* Begin PBXFileReference section */
		06360ECAA5068C50F3C862AF /* Pods-Proyecto5A-Proyecto5AUITests.debug.xcconfig */ = {isa = PBXFileReference; includeInIndex = 1; lastKnownFileType = text.xcconfig; name = "Pods-Proyecto5A-Proyecto5AUITests.debug.xcconfig"; path = "Target Support Files/Pods-Proyecto5A-Proyecto5AUITests/Pods-Proyecto5A-Proyecto5AUITests.debug.xcconfig"; sourceTree = "<group>"; };
		218C9D5B9335D8B71B2C3595 /* Pods_Proyecto5A.framework */ = {isa = PBXFileReference; explicitFileType = wrapper.framework; includeInIndex = 0; path = Pods_Proyecto5A.framework; sourceTree = BUILT_PRODUCTS_DIR; };
		278B2FD83E206E44CACE7739 /* Pods_Proyecto5A_Proyecto5AUITests.framework */ = {isa = PBXFileReference; explicitFileType = wrapper.framework; includeInIndex = 0; path = Pods_Proyecto5A_Proyecto5AUITests.framework; sourceTree = BUILT_PRODUCTS_DIR; };
		2EEF2B13C8AF42F6B5328E99 /* Pods-Proyecto5A-Proyecto5AUITests.release.xcconfig */ = {isa = PBXFileReference; includeInIndex = 1; lastKnownFileType = text.xcconfig; name = "Pods-Proyecto5A-Proyecto5AUITests.release.xcconfig"; path = "Target Support Files/Pods-Proyecto5A-Proyecto5AUITests/Pods-Proyecto5A-Proyecto5AUITests.release.xcconfig"; sourceTree = "<group>"; };
		A262AF55072F4EB450733D99 /* Pods-Proyecto5ATests.release.xcconfig */ = {isa = PBXFileReference; includeInIndex = 1; lastKnownFileType = text.xcconfig; name = "Pods-Proyecto5ATests.release.xcconfig"; path = "Target Support Files/Pods-Proyecto5ATests/Pods-Proyecto5ATests.release.xcconfig"; sourceTree = "<group>"; };
		ADA48E6D6612D532E2714E87 /* Pods-Proyecto5A.release.xcconfig */ = {isa = PBXFileReference; includeInIndex = 1; lastKnownFileType = text.xcconfig; name = "Pods-Proyecto5A.release.xcconfig"; path = "Target Support Files/Pods-Proyecto5A/Pods-Proyecto5A.release.xcconfig"; sourceTree = "<group>"; };
		C853BB7927FF15670020C28F /* Proyecto5A.app */ = {isa = PBXFileReference; explicitFileType = wrapper.application; includeInIndex = 0; path = Proyecto5A.app; sourceTree = BUILT_PRODUCTS_DIR; };
		C853BB7C27FF15670020C28F /* AppDelegate.h */ = {isa = PBXFileReference; lastKnownFileType = sourcecode.c.h; path = AppDelegate.h; sourceTree = "<group>"; };
		C853BB7D27FF15670020C28F /* AppDelegate.m */ = {isa = PBXFileReference; lastKnownFileType = sourcecode.c.objc; path = AppDelegate.m; sourceTree = "<group>"; };
		C853BB7F27FF15670020C28F /* SceneDelegate.h */ = {isa = PBXFileReference; lastKnownFileType = sourcecode.c.h; path = SceneDelegate.h; sourceTree = "<group>"; };
		C853BB8027FF15670020C28F /* SceneDelegate.m */ = {isa = PBXFileReference; lastKnownFileType = sourcecode.c.objc; path = SceneDelegate.m; sourceTree = "<group>"; };
		C853BB8227FF15670020C28F /* ViewController.h */ = {isa = PBXFileReference; lastKnownFileType = sourcecode.c.h; path = ViewController.h; sourceTree = "<group>"; };
		C853BB8327FF15670020C28F /* ViewController.m */ = {isa = PBXFileReference; lastKnownFileType = sourcecode.c.objc; path = ViewController.m; sourceTree = "<group>"; };
		C853BB8627FF15670020C28F /* Base */ = {isa = PBXFileReference; lastKnownFileType = file.storyboard; name = Base; path = Base.lproj/Main.storyboard; sourceTree = "<group>"; };
		C853BB8827FF156E0020C28F /* Assets.xcassets */ = {isa = PBXFileReference; lastKnownFileType = folder.assetcatalog; path = Assets.xcassets; sourceTree = "<group>"; };
		C853BB8B27FF156E0020C28F /* Base */ = {isa = PBXFileReference; lastKnownFileType = file.storyboard; name = Base; path = Base.lproj/LaunchScreen.storyboard; sourceTree = "<group>"; };
		C853BB8D27FF156E0020C28F /* Info.plist */ = {isa = PBXFileReference; lastKnownFileType = text.plist.xml; path = Info.plist; sourceTree = "<group>"; };
		C853BB8E27FF156E0020C28F /* main.m */ = {isa = PBXFileReference; lastKnownFileType = sourcecode.c.objc; path = main.m; sourceTree = "<group>"; };
		C853BB9427FF156E0020C28F /* Proyecto5ATests.xctest */ = {isa = PBXFileReference; explicitFileType = wrapper.cfbundle; includeInIndex = 0; path = Proyecto5ATests.xctest; sourceTree = BUILT_PRODUCTS_DIR; };
		C853BB9827FF156E0020C28F /* Proyecto5ATests.m */ = {isa = PBXFileReference; lastKnownFileType = sourcecode.c.objc; path = Proyecto5ATests.m; sourceTree = "<group>"; };
		C853BB9A27FF156E0020C28F /* Info.plist */ = {isa = PBXFileReference; lastKnownFileType = text.plist.xml; path = Info.plist; sourceTree = "<group>"; };
		C853BB9F27FF156E0020C28F /* Proyecto5AUITests.xctest */ = {isa = PBXFileReference; explicitFileType = wrapper.cfbundle; includeInIndex = 0; path = Proyecto5AUITests.xctest; sourceTree = BUILT_PRODUCTS_DIR; };
		C853BBA327FF156E0020C28F /* Proyecto5AUITests.m */ = {isa = PBXFileReference; lastKnownFileType = sourcecode.c.objc; path = Proyecto5AUITests.m; sourceTree = "<group>"; };
		C853BBA527FF156E0020C28F /* Info.plist */ = {isa = PBXFileReference; lastKnownFileType = text.plist.xml; path = Info.plist; sourceTree = "<group>"; };
		C8579FEE28009F7000053143 /* MovimientoViewController.h */ = {isa = PBXFileReference; lastKnownFileType = sourcecode.c.h; path = MovimientoViewController.h; sourceTree = "<group>"; };
		C8579FEF28009F7000053143 /* MovimientoViewController.m */ = {isa = PBXFileReference; lastKnownFileType = sourcecode.c.objc; path = MovimientoViewController.m; sourceTree = "<group>"; };
		C8579FFE2804868600053143 /* LoginViewController.h */ = {isa = PBXFileReference; lastKnownFileType = sourcecode.c.h; path = LoginViewController.h; sourceTree = "<group>"; };
		C8579FFF2804868600053143 /* LoginViewController.m */ = {isa = PBXFileReference; lastKnownFileType = sourcecode.c.objc; path = LoginViewController.m; sourceTree = "<group>"; };
		C857A00C28048C5100053143 /* WebViewController.h */ = {isa = PBXFileReference; lastKnownFileType = sourcecode.c.h; path = WebViewController.h; sourceTree = "<group>"; };
		C857A00D28048C5100053143 /* WebViewController.m */ = {isa = PBXFileReference; lastKnownFileType = sourcecode.c.objc; path = WebViewController.m; sourceTree = "<group>"; };
		C857A0132804923D00053143 /* WebKit.framework */ = {isa = PBXFileReference; lastKnownFileType = wrapper.framework; name = WebKit.framework; path = System/Library/Frameworks/WebKit.framework; sourceTree = SDKROOT; };
		C857A03E2805E36E00053143 /* Datos.h */ = {isa = PBXFileReference; lastKnownFileType = sourcecode.c.h; path = Datos.h; sourceTree = "<group>"; };
		C857A03F2805E36E00053143 /* Datos.m */ = {isa = PBXFileReference; lastKnownFileType = sourcecode.c.objc; path = Datos.m; sourceTree = "<group>"; };
		CE143FC126EF66ACB59544E7 /* Pods_Proyecto5ATests.framework */ = {isa = PBXFileReference; explicitFileType = wrapper.framework; includeInIndex = 0; path = Pods_Proyecto5ATests.framework; sourceTree = BUILT_PRODUCTS_DIR; };
		CEDC7BE6BC6983394927E255 /* Pods-Proyecto5A.debug.xcconfig */ = {isa = PBXFileReference; includeInIndex = 1; lastKnownFileType = text.xcconfig; name = "Pods-Proyecto5A.debug.xcconfig"; path = "Target Support Files/Pods-Proyecto5A/Pods-Proyecto5A.debug.xcconfig"; sourceTree = "<group>"; };
		DB18774704915560FDBA75F2 /* Pods-Proyecto5ATests.debug.xcconfig */ = {isa = PBXFileReference; includeInIndex = 1; lastKnownFileType = text.xcconfig; name = "Pods-Proyecto5ATests.debug.xcconfig"; path = "Target Support Files/Pods-Proyecto5ATests/Pods-Proyecto5ATests.debug.xcconfig"; sourceTree = "<group>"; };
		E8A9117A2805E89900B7B240 /* DatosViewController.h */ = {isa = PBXFileReference; lastKnownFileType = sourcecode.c.h; path = DatosViewController.h; sourceTree = "<group>"; };
		E8A9117B2805E89900B7B240 /* DatosViewController.m */ = {isa = PBXFileReference; lastKnownFileType = sourcecode.c.objc; path = DatosViewController.m; sourceTree = "<group>"; };
		E8A9118D28071DB800B7B240 /* ethnocentric rg it.otf */ = {isa = PBXFileReference; lastKnownFileType = file; path = "ethnocentric rg it.otf"; sourceTree = "<group>"; };
		E8A9118E28071DB800B7B240 /* typodermic-eula-03-2020.pdf */ = {isa = PBXFileReference; lastKnownFileType = image.pdf; path = "typodermic-eula-03-2020.pdf"; sourceTree = "<group>"; };
		E8A9118F28071DB800B7B240 /* ethnocentric rg.otf */ = {isa = PBXFileReference; lastKnownFileType = file; path = "ethnocentric rg.otf"; sourceTree = "<group>"; };
		E8A9119028071DB800B7B240 /* read-this.html */ = {isa = PBXFileReference; fileEncoding = 4; lastKnownFileType = text.html; path = "read-this.html"; sourceTree = "<group>"; };
		E8A9119C2807246400B7B240 /* kisspng-arrow-button-computer-icons-clip-art-left-arrow-5b35cacb096341.9629085015302519790385.png */ = {isa = PBXFileReference; lastKnownFileType = image.png; path = "kisspng-arrow-button-computer-icons-clip-art-left-arrow-5b35cacb096341.9629085015302519790385.png"; sourceTree = "<group>"; };
		E8A9119D2807246400B7B240 /* flecha_izq.png */ = {isa = PBXFileReference; lastKnownFileType = image.png; path = flecha_izq.png; sourceTree = "<group>"; };
		E8A9119E2807246400B7B240 /* pngegg (3).png */ = {isa = PBXFileReference; lastKnownFileType = image.png; path = "pngegg (3).png"; sourceTree = "<group>"; };
		E8A9119F2807246400B7B240 /* IZQ2.png */ = {isa = PBXFileReference; lastKnownFileType = image.png; path = IZQ2.png; sourceTree = "<group>"; };
		E8A911A02807246400B7B240 /* CARRO.png */ = {isa = PBXFileReference; lastKnownFileType = image.png; path = CARRO.png; sourceTree = "<group>"; };
		E8A911A32807246500B7B240 /* temp1.jpg */ = {isa = PBXFileReference; lastKnownFileType = image.jpeg; path = temp1.jpg; sourceTree = "<group>"; };
		E8A911A42807246500B7B240 /* temp1.png */ = {isa = PBXFileReference; lastKnownFileType = image.png; path = temp1.png; sourceTree = "<group>"; };
		E8A911A62807246500B7B240 /* sp_vel1_indicador.png */ = {isa = PBXFileReference; lastKnownFileType = image.png; path = sp_vel1_indicador.png; sourceTree = "<group>"; };
		E8A911A72807246500B7B240 /* sp_vel1.jpg */ = {isa = PBXFileReference; lastKnownFileType = image.jpeg; path = sp_vel1.jpg; sourceTree = "<group>"; };
		E8A911A82807246500B7B240 /* sp_vel1.png */ = {isa = PBXFileReference; lastKnownFileType = image.png; path = sp_vel1.png; sourceTree = "<group>"; };
		E8A911A92807246500B7B240 /* Logo.jpeg */ = {isa = PBXFileReference; lastKnownFileType = image.jpeg; path = Logo.jpeg; sourceTree = "<group>"; };
		E8A911AA2807246500B7B240 /* flecha_der.png */ = {isa = PBXFileReference; lastKnownFileType = image.png; path = flecha_der.png; sourceTree = "<group>"; };
		E8A911AB2807246500B7B240 /* PEDAL2.png */ = {isa = PBXFileReference; lastKnownFileType = image.png; path = PEDAL2.png; sourceTree = "<group>"; };
		E8A911AC2807246500B7B240 /* DER2.png */ = {isa = PBXFileReference; lastKnownFileType = image.png; path = DER2.png; sourceTree = "<group>"; };
		E8A911AD2807246500B7B240 /* PEDAL1.png */ = {isa = PBXFileReference; lastKnownFileType = image.png; path = PEDAL1.png; sourceTree = "<group>"; };
/* End PBXFileReference section */

/* Begin PBXFrameworksBuildPhase section */
		C853BB7627FF15670020C28F /* Frameworks */ = {
			isa = PBXFrameworksBuildPhase;
			buildActionMask = 2147483647;
			files = (
				C857A0142804923E00053143 /* WebKit.framework in Frameworks */,
				B76BA6532BF4AF6F665CB44E /* Pods_Proyecto5A.framework in Frameworks */,
			);
			runOnlyForDeploymentPostprocessing = 0;
		};
		C853BB9127FF156E0020C28F /* Frameworks */ = {
			isa = PBXFrameworksBuildPhase;
			buildActionMask = 2147483647;
			files = (
				6C24F284082F0267AD50A1BE /* Pods_Proyecto5ATests.framework in Frameworks */,
			);
			runOnlyForDeploymentPostprocessing = 0;
		};
		C853BB9C27FF156E0020C28F /* Frameworks */ = {
			isa = PBXFrameworksBuildPhase;
			buildActionMask = 2147483647;
			files = (
				380BC6A954FCAC1546AAA63B /* Pods_Proyecto5A_Proyecto5AUITests.framework in Frameworks */,
			);
			runOnlyForDeploymentPostprocessing = 0;
		};
/* End PBXFrameworksBuildPhase section */

/* Begin PBXGroup section */
		C853BB7027FF15670020C28F = {
			isa = PBXGroup;
			children = (
				C853BB7B27FF15670020C28F /* Proyecto5A */,
				C853BB9727FF156E0020C28F /* Proyecto5ATests */,
				C853BBA227FF156E0020C28F /* Proyecto5AUITests */,
				C853BB7A27FF15670020C28F /* Products */,
				C857A0122804923D00053143 /* Frameworks */,
				CB3C4038A1C003ED85F6C8A1 /* Pods */,
			);
			sourceTree = "<group>";
		};
		C853BB7A27FF15670020C28F /* Products */ = {
			isa = PBXGroup;
			children = (
				C853BB7927FF15670020C28F /* Proyecto5A.app */,
				C853BB9427FF156E0020C28F /* Proyecto5ATests.xctest */,
				C853BB9F27FF156E0020C28F /* Proyecto5AUITests.xctest */,
			);
			name = Products;
			sourceTree = "<group>";
		};
		C853BB7B27FF15670020C28F /* Proyecto5A */ = {
			isa = PBXGroup;
			children = (
				E8A9119B2807246400B7B240 /* recursos */,
				E8A9118C28071DB800B7B240 /* ethnocentric */,
				C853BB7C27FF15670020C28F /* AppDelegate.h */,
				C853BB7D27FF15670020C28F /* AppDelegate.m */,
				C853BB7F27FF15670020C28F /* SceneDelegate.h */,
				C853BB8027FF15670020C28F /* SceneDelegate.m */,
				C853BB8227FF15670020C28F /* ViewController.h */,
				C853BB8327FF15670020C28F /* ViewController.m */,
				C8579FFE2804868600053143 /* LoginViewController.h */,
				C8579FFF2804868600053143 /* LoginViewController.m */,
				C857A00C28048C5100053143 /* WebViewController.h */,
				C857A00D28048C5100053143 /* WebViewController.m */,
				C8579FEE28009F7000053143 /* MovimientoViewController.h */,
				C8579FEF28009F7000053143 /* MovimientoViewController.m */,
				C857A03E2805E36E00053143 /* Datos.h */,
				C857A03F2805E36E00053143 /* Datos.m */,
				C853BB8527FF15670020C28F /* Main.storyboard */,
				C853BB8827FF156E0020C28F /* Assets.xcassets */,
				C853BB8A27FF156E0020C28F /* LaunchScreen.storyboard */,
				C853BB8D27FF156E0020C28F /* Info.plist */,
				C853BB8E27FF156E0020C28F /* main.m */,
				E8A9117A2805E89900B7B240 /* DatosViewController.h */,
				E8A9117B2805E89900B7B240 /* DatosViewController.m */,
			);
			path = Proyecto5A;
			sourceTree = "<group>";
		};
		C853BB9727FF156E0020C28F /* Proyecto5ATests */ = {
			isa = PBXGroup;
			children = (
				C853BB9827FF156E0020C28F /* Proyecto5ATests.m */,
				C853BB9A27FF156E0020C28F /* Info.plist */,
			);
			path = Proyecto5ATests;
			sourceTree = "<group>";
		};
		C853BBA227FF156E0020C28F /* Proyecto5AUITests */ = {
			isa = PBXGroup;
			children = (
				C853BBA327FF156E0020C28F /* Proyecto5AUITests.m */,
				C853BBA527FF156E0020C28F /* Info.plist */,
			);
			path = Proyecto5AUITests;
			sourceTree = "<group>";
		};
		C857A0122804923D00053143 /* Frameworks */ = {
			isa = PBXGroup;
			children = (
				C857A0132804923D00053143 /* WebKit.framework */,
				218C9D5B9335D8B71B2C3595 /* Pods_Proyecto5A.framework */,
				278B2FD83E206E44CACE7739 /* Pods_Proyecto5A_Proyecto5AUITests.framework */,
				CE143FC126EF66ACB59544E7 /* Pods_Proyecto5ATests.framework */,
			);
			name = Frameworks;
			sourceTree = "<group>";
		};
		CB3C4038A1C003ED85F6C8A1 /* Pods */ = {
			isa = PBXGroup;
			children = (
				CEDC7BE6BC6983394927E255 /* Pods-Proyecto5A.debug.xcconfig */,
				ADA48E6D6612D532E2714E87 /* Pods-Proyecto5A.release.xcconfig */,
				06360ECAA5068C50F3C862AF /* Pods-Proyecto5A-Proyecto5AUITests.debug.xcconfig */,
				2EEF2B13C8AF42F6B5328E99 /* Pods-Proyecto5A-Proyecto5AUITests.release.xcconfig */,
				DB18774704915560FDBA75F2 /* Pods-Proyecto5ATests.debug.xcconfig */,
				A262AF55072F4EB450733D99 /* Pods-Proyecto5ATests.release.xcconfig */,
			);
			name = Pods;
			path = Pods;
			sourceTree = "<group>";
		};
		E8A9118C28071DB800B7B240 /* ethnocentric */ = {
			isa = PBXGroup;
			children = (
				E8A9118D28071DB800B7B240 /* ethnocentric rg it.otf */,
				E8A9118E28071DB800B7B240 /* typodermic-eula-03-2020.pdf */,
				E8A9118F28071DB800B7B240 /* ethnocentric rg.otf */,
				E8A9119028071DB800B7B240 /* read-this.html */,
			);
			path = ethnocentric;
			sourceTree = "<group>";
		};
		E8A9119B2807246400B7B240 /* recursos */ = {
			isa = PBXGroup;
			children = (
				E8A9119C2807246400B7B240 /* kisspng-arrow-button-computer-icons-clip-art-left-arrow-5b35cacb096341.9629085015302519790385.png */,
				E8A9119D2807246400B7B240 /* flecha_izq.png */,
				E8A9119E2807246400B7B240 /* pngegg (3).png */,
				E8A9119F2807246400B7B240 /* IZQ2.png */,
				E8A911A02807246400B7B240 /* CARRO.png */,
				E8A911A12807246400B7B240 /* sprites */,
				E8A911A92807246500B7B240 /* Logo.jpeg */,
				E8A911AA2807246500B7B240 /* flecha_der.png */,
				E8A911AB2807246500B7B240 /* PEDAL2.png */,
				E8A911AC2807246500B7B240 /* DER2.png */,
				E8A911AD2807246500B7B240 /* PEDAL1.png */,
			);
			path = recursos;
			sourceTree = "<group>";
		};
		E8A911A12807246400B7B240 /* sprites */ = {
			isa = PBXGroup;
			children = (
				E8A911A22807246400B7B240 /* sp_temperatura1 */,
				E8A911A52807246500B7B240 /* sp_vel1 */,
			);
			path = sprites;
			sourceTree = "<group>";
		};
		E8A911A22807246400B7B240 /* sp_temperatura1 */ = {
			isa = PBXGroup;
			children = (
				E8A911A32807246500B7B240 /* temp1.jpg */,
				E8A911A42807246500B7B240 /* temp1.png */,
			);
			path = sp_temperatura1;
			sourceTree = "<group>";
		};
		E8A911A52807246500B7B240 /* sp_vel1 */ = {
			isa = PBXGroup;
			children = (
				E8A911A62807246500B7B240 /* sp_vel1_indicador.png */,
				E8A911A72807246500B7B240 /* sp_vel1.jpg */,
				E8A911A82807246500B7B240 /* sp_vel1.png */,
			);
			path = sp_vel1;
			sourceTree = "<group>";
		};
/* End PBXGroup section */

/* Begin PBXNativeTarget section */
		C853BB7827FF15670020C28F /* Proyecto5A */ = {
			isa = PBXNativeTarget;
			buildConfigurationList = C853BBA827FF156E0020C28F /* Build configuration list for PBXNativeTarget "Proyecto5A" */;
			buildPhases = (
				BE60894F4809D3EA03C079C4 /* [CP] Check Pods Manifest.lock */,
				C853BB7527FF15670020C28F /* Sources */,
				C853BB7627FF15670020C28F /* Frameworks */,
				C853BB7727FF15670020C28F /* Resources */,
				D4A155FCA752D6E60F7AEFE2 /* [CP] Embed Pods Frameworks */,
			);
			buildRules = (
			);
			dependencies = (
			);
			name = Proyecto5A;
			productName = Proyecto5A;
			productReference = C853BB7927FF15670020C28F /* Proyecto5A.app */;
			productType = "com.apple.product-type.application";
		};
		C853BB9327FF156E0020C28F /* Proyecto5ATests */ = {
			isa = PBXNativeTarget;
			buildConfigurationList = C853BBAB27FF156E0020C28F /* Build configuration list for PBXNativeTarget "Proyecto5ATests" */;
			buildPhases = (
				88F6DDFDA91F720B86EF68FE /* [CP] Check Pods Manifest.lock */,
				C853BB9027FF156E0020C28F /* Sources */,
				C853BB9127FF156E0020C28F /* Frameworks */,
				C853BB9227FF156E0020C28F /* Resources */,
			);
			buildRules = (
			);
			dependencies = (
				C853BB9627FF156E0020C28F /* PBXTargetDependency */,
			);
			name = Proyecto5ATests;
			productName = Proyecto5ATests;
			productReference = C853BB9427FF156E0020C28F /* Proyecto5ATests.xctest */;
			productType = "com.apple.product-type.bundle.unit-test";
		};
		C853BB9E27FF156E0020C28F /* Proyecto5AUITests */ = {
			isa = PBXNativeTarget;
			buildConfigurationList = C853BBAE27FF156E0020C28F /* Build configuration list for PBXNativeTarget "Proyecto5AUITests" */;
			buildPhases = (
				3480B5653466DABA48A34B97 /* [CP] Check Pods Manifest.lock */,
				C853BB9B27FF156E0020C28F /* Sources */,
				C853BB9C27FF156E0020C28F /* Frameworks */,
				C853BB9D27FF156E0020C28F /* Resources */,
				69337D80D8950562DFAB2FA6 /* [CP] Embed Pods Frameworks */,
			);
			buildRules = (
			);
			dependencies = (
				C853BBA127FF156E0020C28F /* PBXTargetDependency */,
			);
			name = Proyecto5AUITests;
			productName = Proyecto5AUITests;
			productReference = C853BB9F27FF156E0020C28F /* Proyecto5AUITests.xctest */;
			productType = "com.apple.product-type.bundle.ui-testing";
		};
/* End PBXNativeTarget section */

/* Begin PBXProject section */
		C853BB7127FF15670020C28F /* Project object */ = {
			isa = PBXProject;
			attributes = {
				LastUpgradeCheck = 1240;
				TargetAttributes = {
					C853BB7827FF15670020C28F = {
						CreatedOnToolsVersion = 12.4;
					};
					C853BB9327FF156E0020C28F = {
						CreatedOnToolsVersion = 12.4;
						TestTargetID = C853BB7827FF15670020C28F;
					};
					C853BB9E27FF156E0020C28F = {
						CreatedOnToolsVersion = 12.4;
						TestTargetID = C853BB7827FF15670020C28F;
					};
				};
			};
			buildConfigurationList = C853BB7427FF15670020C28F /* Build configuration list for PBXProject "Proyecto5A" */;
			compatibilityVersion = "Xcode 9.3";
			developmentRegion = en;
			hasScannedForEncodings = 0;
			knownRegions = (
				en,
				Base,
			);
			mainGroup = C853BB7027FF15670020C28F;
			productRefGroup = C853BB7A27FF15670020C28F /* Products */;
			projectDirPath = "";
			projectRoot = "";
			targets = (
				C853BB7827FF15670020C28F /* Proyecto5A */,
				C853BB9327FF156E0020C28F /* Proyecto5ATests */,
				C853BB9E27FF156E0020C28F /* Proyecto5AUITests */,
			);
		};
/* End PBXProject section */

/* Begin PBXResourcesBuildPhase section */
		C853BB7727FF15670020C28F /* Resources */ = {
			isa = PBXResourcesBuildPhase;
			buildActionMask = 2147483647;
			files = (
				E8A9119228071DB800B7B240 /* typodermic-eula-03-2020.pdf in Resources */,
				E8A911B32807246500B7B240 /* temp1.jpg in Resources */,
				E8A911B82807246500B7B240 /* Logo.jpeg in Resources */,
				E8A911B52807246500B7B240 /* sp_vel1_indicador.png in Resources */,
				E8A9119428071DB800B7B240 /* read-this.html in Resources */,
				E8A911B62807246500B7B240 /* sp_vel1.jpg in Resources */,
				E8A911BB2807246500B7B240 /* DER2.png in Resources */,
				C853BB8C27FF156E0020C28F /* LaunchScreen.storyboard in Resources */,
				E8A911BC2807246500B7B240 /* PEDAL1.png in Resources */,
				E8A911B22807246500B7B240 /* CARRO.png in Resources */,
				E8A9119128071DB800B7B240 /* ethnocentric rg it.otf in Resources */,
				E8A911BA2807246500B7B240 /* PEDAL2.png in Resources */,
				C853BB8927FF156E0020C28F /* Assets.xcassets in Resources */,
				E8A911B92807246500B7B240 /* flecha_der.png in Resources */,
				C853BB8727FF15670020C28F /* Main.storyboard in Resources */,
				E8A911B12807246500B7B240 /* IZQ2.png in Resources */,
				E8A9119328071DB800B7B240 /* ethnocentric rg.otf in Resources */,
				E8A911B02807246500B7B240 /* pngegg (3).png in Resources */,
				E8A911AF2807246500B7B240 /* flecha_izq.png in Resources */,
				E8A911AE2807246500B7B240 /* kisspng-arrow-button-computer-icons-clip-art-left-arrow-5b35cacb096341.9629085015302519790385.png in Resources */,
				E8A911B42807246500B7B240 /* temp1.png in Resources */,
				E8A911B72807246500B7B240 /* sp_vel1.png in Resources */,
			);
			runOnlyForDeploymentPostprocessing = 0;
		};
		C853BB9227FF156E0020C28F /* Resources */ = {
			isa = PBXResourcesBuildPhase;
			buildActionMask = 2147483647;
			files = (
			);
			runOnlyForDeploymentPostprocessing = 0;
		};
		C853BB9D27FF156E0020C28F /* Resources */ = {
			isa = PBXResourcesBuildPhase;
			buildActionMask = 2147483647;
			files = (
			);
			runOnlyForDeploymentPostprocessing = 0;
		};
/* End PBXResourcesBuildPhase section */

/* Begin PBXShellScriptBuildPhase section */
		3480B5653466DABA48A34B97 /* [CP] Check Pods Manifest.lock */ = {
			isa = PBXShellScriptBuildPhase;
			buildActionMask = 2147483647;
			files = (
			);
			inputFileListPaths = (
			);
			inputPaths = (
				"${PODS_PODFILE_DIR_PATH}/Podfile.lock",
				"${PODS_ROOT}/Manifest.lock",
			);
			name = "[CP] Check Pods Manifest.lock";
			outputFileListPaths = (
			);
			outputPaths = (
				"$(DERIVED_FILE_DIR)/Pods-Proyecto5A-Proyecto5AUITests-checkManifestLockResult.txt",
			);
			runOnlyForDeploymentPostprocessing = 0;
			shellPath = /bin/sh;
			shellScript = "diff \"${PODS_PODFILE_DIR_PATH}/Podfile.lock\" \"${PODS_ROOT}/Manifest.lock\" > /dev/null\nif [ $? != 0 ] ; then\n    # print error to STDERR\n    echo \"error: The sandbox is not in sync with the Podfile.lock. Run 'pod install' or update your CocoaPods installation.\" >&2\n    exit 1\nfi\n# This output is used by Xcode 'outputs' to avoid re-running this script phase.\necho \"SUCCESS\" > \"${SCRIPT_OUTPUT_FILE_0}\"\n";
			showEnvVarsInLog = 0;
		};
		69337D80D8950562DFAB2FA6 /* [CP] Embed Pods Frameworks */ = {
			isa = PBXShellScriptBuildPhase;
			buildActionMask = 2147483647;
			files = (
			);
			inputFileListPaths = (
				"${PODS_ROOT}/Target Support Files/Pods-Proyecto5A-Proyecto5AUITests/Pods-Proyecto5A-Proyecto5AUITests-frameworks-${CONFIGURATION}-input-files.xcfilelist",
			);
			name = "[CP] Embed Pods Frameworks";
			outputFileListPaths = (
				"${PODS_ROOT}/Target Support Files/Pods-Proyecto5A-Proyecto5AUITests/Pods-Proyecto5A-Proyecto5AUITests-frameworks-${CONFIGURATION}-output-files.xcfilelist",
			);
			runOnlyForDeploymentPostprocessing = 0;
			shellPath = /bin/sh;
			shellScript = "\"${PODS_ROOT}/Target Support Files/Pods-Proyecto5A-Proyecto5AUITests/Pods-Proyecto5A-Proyecto5AUITests-frameworks.sh\"\n";
			showEnvVarsInLog = 0;
		};
		88F6DDFDA91F720B86EF68FE /* [CP] Check Pods Manifest.lock */ = {
			isa = PBXShellScriptBuildPhase;
			buildActionMask = 2147483647;
			files = (
			);
			inputFileListPaths = (
			);
			inputPaths = (
				"${PODS_PODFILE_DIR_PATH}/Podfile.lock",
				"${PODS_ROOT}/Manifest.lock",
			);
			name = "[CP] Check Pods Manifest.lock";
			outputFileListPaths = (
			);
			outputPaths = (
				"$(DERIVED_FILE_DIR)/Pods-Proyecto5ATests-checkManifestLockResult.txt",
			);
			runOnlyForDeploymentPostprocessing = 0;
			shellPath = /bin/sh;
			shellScript = "diff \"${PODS_PODFILE_DIR_PATH}/Podfile.lock\" \"${PODS_ROOT}/Manifest.lock\" > /dev/null\nif [ $? != 0 ] ; then\n    # print error to STDERR\n    echo \"error: The sandbox is not in sync with the Podfile.lock. Run 'pod install' or update your CocoaPods installation.\" >&2\n    exit 1\nfi\n# This output is used by Xcode 'outputs' to avoid re-running this script phase.\necho \"SUCCESS\" > \"${SCRIPT_OUTPUT_FILE_0}\"\n";
			showEnvVarsInLog = 0;
		};
		BE60894F4809D3EA03C079C4 /* [CP] Check Pods Manifest.lock */ = {
			isa = PBXShellScriptBuildPhase;
			buildActionMask = 2147483647;
			files = (
			);
			inputFileListPaths = (
			);
			inputPaths = (
				"${PODS_PODFILE_DIR_PATH}/Podfile.lock",
				"${PODS_ROOT}/Manifest.lock",
			);
			name = "[CP] Check Pods Manifest.lock";
			outputFileListPaths = (
			);
			outputPaths = (
				"$(DERIVED_FILE_DIR)/Pods-Proyecto5A-checkManifestLockResult.txt",
			);
			runOnlyForDeploymentPostprocessing = 0;
			shellPath = /bin/sh;
			shellScript = "diff \"${PODS_PODFILE_DIR_PATH}/Podfile.lock\" \"${PODS_ROOT}/Manifest.lock\" > /dev/null\nif [ $? != 0 ] ; then\n    # print error to STDERR\n    echo \"error: The sandbox is not in sync with the Podfile.lock. Run 'pod install' or update your CocoaPods installation.\" >&2\n    exit 1\nfi\n# This output is used by Xcode 'outputs' to avoid re-running this script phase.\necho \"SUCCESS\" > \"${SCRIPT_OUTPUT_FILE_0}\"\n";
			showEnvVarsInLog = 0;
		};
		D4A155FCA752D6E60F7AEFE2 /* [CP] Embed Pods Frameworks */ = {
			isa = PBXShellScriptBuildPhase;
			buildActionMask = 2147483647;
			files = (
			);
			inputFileListPaths = (
				"${PODS_ROOT}/Target Support Files/Pods-Proyecto5A/Pods-Proyecto5A-frameworks-${CONFIGURATION}-input-files.xcfilelist",
			);
			name = "[CP] Embed Pods Frameworks";
			outputFileListPaths = (
				"${PODS_ROOT}/Target Support Files/Pods-Proyecto5A/Pods-Proyecto5A-frameworks-${CONFIGURATION}-output-files.xcfilelist",
			);
			runOnlyForDeploymentPostprocessing = 0;
			shellPath = /bin/sh;
			shellScript = "\"${PODS_ROOT}/Target Support Files/Pods-Proyecto5A/Pods-Proyecto5A-frameworks.sh\"\n";
			showEnvVarsInLog = 0;
		};
/* End PBXShellScriptBuildPhase section */

/* Begin PBXSourcesBuildPhase section */
		C853BB7527FF15670020C28F /* Sources */ = {
			isa = PBXSourcesBuildPhase;
			buildActionMask = 2147483647;
			files = (
				C853BB8427FF15670020C28F /* ViewController.m in Sources */,
				C857A00E28048C5100053143 /* WebViewController.m in Sources */,
				C853BB7E27FF15670020C28F /* AppDelegate.m in Sources */,
				C857A0002804868600053143 /* LoginViewController.m in Sources */,
				C853BB8F27FF156E0020C28F /* main.m in Sources */,
				C857A0402805E36E00053143 /* Datos.m in Sources */,
				C853BB8127FF15670020C28F /* SceneDelegate.m in Sources */,
				E8A9117C2805E89900B7B240 /* DatosViewController.m in Sources */,
				C8579FF028009F7000053143 /* MovimientoViewController.m in Sources */,
			);
			runOnlyForDeploymentPostprocessing = 0;
		};
		C853BB9027FF156E0020C28F /* Sources */ = {
			isa = PBXSourcesBuildPhase;
			buildActionMask = 2147483647;
			files = (
				C853BB9927FF156E0020C28F /* Proyecto5ATests.m in Sources */,
			);
			runOnlyForDeploymentPostprocessing = 0;
		};
		C853BB9B27FF156E0020C28F /* Sources */ = {
			isa = PBXSourcesBuildPhase;
			buildActionMask = 2147483647;
			files = (
				C853BBA427FF156E0020C28F /* Proyecto5AUITests.m in Sources */,
			);
			runOnlyForDeploymentPostprocessing = 0;
		};
/* End PBXSourcesBuildPhase section */

/* Begin PBXTargetDependency section */
		C853BB9627FF156E0020C28F /* PBXTargetDependency */ = {
			isa = PBXTargetDependency;
			target = C853BB7827FF15670020C28F /* Proyecto5A */;
			targetProxy = C853BB9527FF156E0020C28F /* PBXContainerItemProxy */;
		};
		C853BBA127FF156E0020C28F /* PBXTargetDependency */ = {
			isa = PBXTargetDependency;
			target = C853BB7827FF15670020C28F /* Proyecto5A */;
			targetProxy = C853BBA027FF156E0020C28F /* PBXContainerItemProxy */;
		};
/* End PBXTargetDependency section */

/* Begin PBXVariantGroup section */
		C853BB8527FF15670020C28F /* Main.storyboard */ = {
			isa = PBXVariantGroup;
			children = (
				C853BB8627FF15670020C28F /* Base */,
			);
			name = Main.storyboard;
			sourceTree = "<group>";
		};
		C853BB8A27FF156E0020C28F /* LaunchScreen.storyboard */ = {
			isa = PBXVariantGroup;
			children = (
				C853BB8B27FF156E0020C28F /* Base */,
			);
			name = LaunchScreen.storyboard;
			sourceTree = "<group>";
		};
/* End PBXVariantGroup section */

/* Begin XCBuildConfiguration section */
		C853BBA627FF156E0020C28F /* Debug */ = {
			isa = XCBuildConfiguration;
			buildSettings = {
				ALWAYS_SEARCH_USER_PATHS = NO;
				CLANG_ANALYZER_NONNULL = YES;
				CLANG_ANALYZER_NUMBER_OBJECT_CONVERSION = YES_AGGRESSIVE;
				CLANG_CXX_LANGUAGE_STANDARD = "gnu++14";
				CLANG_CXX_LIBRARY = "libc++";
				CLANG_ENABLE_MODULES = YES;
				CLANG_ENABLE_OBJC_ARC = YES;
				CLANG_ENABLE_OBJC_WEAK = YES;
				CLANG_WARN_BLOCK_CAPTURE_AUTORELEASING = YES;
				CLANG_WARN_BOOL_CONVERSION = YES;
				CLANG_WARN_COMMA = YES;
				CLANG_WARN_CONSTANT_CONVERSION = YES;
				CLANG_WARN_DEPRECATED_OBJC_IMPLEMENTATIONS = YES;
				CLANG_WARN_DIRECT_OBJC_ISA_USAGE = YES_ERROR;
				CLANG_WARN_DOCUMENTATION_COMMENTS = YES;
				CLANG_WARN_EMPTY_BODY = YES;
				CLANG_WARN_ENUM_CONVERSION = YES;
				CLANG_WARN_INFINITE_RECURSION = YES;
				CLANG_WARN_INT_CONVERSION = YES;
				CLANG_WARN_NON_LITERAL_NULL_CONVERSION = YES;
				CLANG_WARN_OBJC_IMPLICIT_RETAIN_SELF = YES;
				CLANG_WARN_OBJC_LITERAL_CONVERSION = YES;
				CLANG_WARN_OBJC_ROOT_CLASS = YES_ERROR;
				CLANG_WARN_QUOTED_INCLUDE_IN_FRAMEWORK_HEADER = YES;
				CLANG_WARN_RANGE_LOOP_ANALYSIS = YES;
				CLANG_WARN_STRICT_PROTOTYPES = YES;
				CLANG_WARN_SUSPICIOUS_MOVE = YES;
				CLANG_WARN_UNGUARDED_AVAILABILITY = YES_AGGRESSIVE;
				CLANG_WARN_UNREACHABLE_CODE = YES;
				CLANG_WARN__DUPLICATE_METHOD_MATCH = YES;
				COPY_PHASE_STRIP = NO;
				DEBUG_INFORMATION_FORMAT = dwarf;
				ENABLE_STRICT_OBJC_MSGSEND = YES;
				ENABLE_TESTABILITY = YES;
				GCC_C_LANGUAGE_STANDARD = gnu11;
				GCC_DYNAMIC_NO_PIC = NO;
				GCC_NO_COMMON_BLOCKS = YES;
				GCC_OPTIMIZATION_LEVEL = 0;
				GCC_PREPROCESSOR_DEFINITIONS = (
					"DEBUG=1",
					"$(inherited)",
				);
				GCC_WARN_64_TO_32_BIT_CONVERSION = YES;
				GCC_WARN_ABOUT_RETURN_TYPE = YES_ERROR;
				GCC_WARN_UNDECLARED_SELECTOR = YES;
				GCC_WARN_UNINITIALIZED_AUTOS = YES_AGGRESSIVE;
				GCC_WARN_UNUSED_FUNCTION = YES;
				GCC_WARN_UNUSED_VARIABLE = YES;
				IPHONEOS_DEPLOYMENT_TARGET = 14.4;
				MTL_ENABLE_DEBUG_INFO = INCLUDE_SOURCE;
				MTL_FAST_MATH = YES;
				ONLY_ACTIVE_ARCH = YES;
				SDKROOT = iphoneos;
			};
			name = Debug;
		};
		C853BBA727FF156E0020C28F /* Release */ = {
			isa = XCBuildConfiguration;
			buildSettings = {
				ALWAYS_SEARCH_USER_PATHS = NO;
				CLANG_ANALYZER_NONNULL = YES;
				CLANG_ANALYZER_NUMBER_OBJECT_CONVERSION = YES_AGGRESSIVE;
				CLANG_CXX_LANGUAGE_STANDARD = "gnu++14";
				CLANG_CXX_LIBRARY = "libc++";
				CLANG_ENABLE_MODULES = YES;
				CLANG_ENABLE_OBJC_ARC = YES;
				CLANG_ENABLE_OBJC_WEAK = YES;
				CLANG_WARN_BLOCK_CAPTURE_AUTORELEASING = YES;
				CLANG_WARN_BOOL_CONVERSION = YES;
				CLANG_WARN_COMMA = YES;
				CLANG_WARN_CONSTANT_CONVERSION = YES;
				CLANG_WARN_DEPRECATED_OBJC_IMPLEMENTATIONS = YES;
				CLANG_WARN_DIRECT_OBJC_ISA_USAGE = YES_ERROR;
				CLANG_WARN_DOCUMENTATION_COMMENTS = YES;
				CLANG_WARN_EMPTY_BODY = YES;
				CLANG_WARN_ENUM_CONVERSION = YES;
				CLANG_WARN_INFINITE_RECURSION = YES;
				CLANG_WARN_INT_CONVERSION = YES;
				CLANG_WARN_NON_LITERAL_NULL_CONVERSION = YES;
				CLANG_WARN_OBJC_IMPLICIT_RETAIN_SELF = YES;
				CLANG_WARN_OBJC_LITERAL_CONVERSION = YES;
				CLANG_WARN_OBJC_ROOT_CLASS = YES_ERROR;
				CLANG_WARN_QUOTED_INCLUDE_IN_FRAMEWORK_HEADER = YES;
				CLANG_WARN_RANGE_LOOP_ANALYSIS = YES;
				CLANG_WARN_STRICT_PROTOTYPES = YES;
				CLANG_WARN_SUSPICIOUS_MOVE = YES;
				CLANG_WARN_UNGUARDED_AVAILABILITY = YES_AGGRESSIVE;
				CLANG_WARN_UNREACHABLE_CODE = YES;
				CLANG_WARN__DUPLICATE_METHOD_MATCH = YES;
				COPY_PHASE_STRIP = NO;
				DEBUG_INFORMATION_FORMAT = "dwarf-with-dsym";
				ENABLE_NS_ASSERTIONS = NO;
				ENABLE_STRICT_OBJC_MSGSEND = YES;
				GCC_C_LANGUAGE_STANDARD = gnu11;
				GCC_NO_COMMON_BLOCKS = YES;
				GCC_WARN_64_TO_32_BIT_CONVERSION = YES;
				GCC_WARN_ABOUT_RETURN_TYPE = YES_ERROR;
				GCC_WARN_UNDECLARED_SELECTOR = YES;
				GCC_WARN_UNINITIALIZED_AUTOS = YES_AGGRESSIVE;
				GCC_WARN_UNUSED_FUNCTION = YES;
				GCC_WARN_UNUSED_VARIABLE = YES;
				IPHONEOS_DEPLOYMENT_TARGET = 14.4;
				MTL_ENABLE_DEBUG_INFO = NO;
				MTL_FAST_MATH = YES;
				SDKROOT = iphoneos;
				VALIDATE_PRODUCT = YES;
			};
			name = Release;
		};
		C853BBA927FF156E0020C28F /* Debug */ = {
			isa = XCBuildConfiguration;
			baseConfigurationReference = CEDC7BE6BC6983394927E255 /* Pods-Proyecto5A.debug.xcconfig */;
			buildSettings = {
				ASSETCATALOG_COMPILER_APPICON_NAME = AppIcon;
				ASSETCATALOG_COMPILER_GLOBAL_ACCENT_COLOR_NAME = AccentColor;
				CODE_SIGN_STYLE = Automatic;
				INFOPLIST_FILE = Proyecto5A/Info.plist;
				LD_RUNPATH_SEARCH_PATHS = (
					"$(inherited)",
					"@executable_path/Frameworks",
				);
				PRODUCT_BUNDLE_IDENTIFIER = Mapa.Proyecto5A;
				PRODUCT_NAME = "$(TARGET_NAME)";
				TARGETED_DEVICE_FAMILY = "1,2";
			};
			name = Debug;
		};
		C853BBAA27FF156E0020C28F /* Release */ = {
			isa = XCBuildConfiguration;
			baseConfigurationReference = ADA48E6D6612D532E2714E87 /* Pods-Proyecto5A.release.xcconfig */;
			buildSettings = {
				ASSETCATALOG_COMPILER_APPICON_NAME = AppIcon;
				ASSETCATALOG_COMPILER_GLOBAL_ACCENT_COLOR_NAME = AccentColor;
				CODE_SIGN_STYLE = Automatic;
				INFOPLIST_FILE = Proyecto5A/Info.plist;
				LD_RUNPATH_SEARCH_PATHS = (
					"$(inherited)",
					"@executable_path/Frameworks",
				);
				PRODUCT_BUNDLE_IDENTIFIER = Mapa.Proyecto5A;
				PRODUCT_NAME = "$(TARGET_NAME)";
				TARGETED_DEVICE_FAMILY = "1,2";
			};
			name = Release;
		};
		C853BBAC27FF156E0020C28F /* Debug */ = {
			isa = XCBuildConfiguration;
			baseConfigurationReference = DB18774704915560FDBA75F2 /* Pods-Proyecto5ATests.debug.xcconfig */;
			buildSettings = {
				BUNDLE_LOADER = "$(TEST_HOST)";
				CODE_SIGN_STYLE = Automatic;
				INFOPLIST_FILE = Proyecto5ATests/Info.plist;
				IPHONEOS_DEPLOYMENT_TARGET = 14.4;
				LD_RUNPATH_SEARCH_PATHS = (
					"$(inherited)",
					"@executable_path/Frameworks",
					"@loader_path/Frameworks",
				);
				PRODUCT_BUNDLE_IDENTIFIER = Mapa.Proyecto5ATests;
				PRODUCT_NAME = "$(TARGET_NAME)";
				TARGETED_DEVICE_FAMILY = "1,2";
				TEST_HOST = "$(BUILT_PRODUCTS_DIR)/Proyecto5A.app/Proyecto5A";
			};
			name = Debug;
		};
		C853BBAD27FF156E0020C28F /* Release */ = {
			isa = XCBuildConfiguration;
			baseConfigurationReference = A262AF55072F4EB450733D99 /* Pods-Proyecto5ATests.release.xcconfig */;
			buildSettings = {
				BUNDLE_LOADER = "$(TEST_HOST)";
				CODE_SIGN_STYLE = Automatic;
				INFOPLIST_FILE = Proyecto5ATests/Info.plist;
				IPHONEOS_DEPLOYMENT_TARGET = 14.4;
				LD_RUNPATH_SEARCH_PATHS = (
					"$(inherited)",
					"@executable_path/Frameworks",
					"@loader_path/Frameworks",
				);
				PRODUCT_BUNDLE_IDENTIFIER = Mapa.Proyecto5ATests;
				PRODUCT_NAME = "$(TARGET_NAME)";
				TARGETED_DEVICE_FAMILY = "1,2";
				TEST_HOST = "$(BUILT_PRODUCTS_DIR)/Proyecto5A.app/Proyecto5A";
			};
			name = Release;
		};
		C853BBAF27FF156E0020C28F /* Debug */ = {
			isa = XCBuildConfiguration;
			baseConfigurationReference = 06360ECAA5068C50F3C862AF /* Pods-Proyecto5A-Proyecto5AUITests.debug.xcconfig */;
			buildSettings = {
				CODE_SIGN_STYLE = Automatic;
				INFOPLIST_FILE = Proyecto5AUITests/Info.plist;
				LD_RUNPATH_SEARCH_PATHS = (
					"$(inherited)",
					"@executable_path/Frameworks",
					"@loader_path/Frameworks",
				);
				PRODUCT_BUNDLE_IDENTIFIER = Mapa.Proyecto5AUITests;
				PRODUCT_NAME = "$(TARGET_NAME)";
				TARGETED_DEVICE_FAMILY = "1,2";
				TEST_TARGET_NAME = Proyecto5A;
			};
			name = Debug;
		};
		C853BBB027FF156E0020C28F /* Release */ = {
			isa = XCBuildConfiguration;
			baseConfigurationReference = 2EEF2B13C8AF42F6B5328E99 /* Pods-Proyecto5A-Proyecto5AUITests.release.xcconfig */;
			buildSettings = {
				CODE_SIGN_STYLE = Automatic;
				INFOPLIST_FILE = Proyecto5AUITests/Info.plist;
				LD_RUNPATH_SEARCH_PATHS = (
					"$(inherited)",
					"@executable_path/Frameworks",
					"@loader_path/Frameworks",
				);
				PRODUCT_BUNDLE_IDENTIFIER = Mapa.Proyecto5AUITests;
				PRODUCT_NAME = "$(TARGET_NAME)";
				TARGETED_DEVICE_FAMILY = "1,2";
				TEST_TARGET_NAME = Proyecto5A;
			};
			name = Release;
		};
/* End XCBuildConfiguration section */

/* Begin XCConfigurationList section */
		C853BB7427FF15670020C28F /* Build configuration list for PBXProject "Proyecto5A" */ = {
			isa = XCConfigurationList;
			buildConfigurations = (
				C853BBA627FF156E0020C28F /* Debug */,
				C853BBA727FF156E0020C28F /* Release */,
			);
			defaultConfigurationIsVisible = 0;
			defaultConfigurationName = Release;
		};
		C853BBA827FF156E0020C28F /* Build configuration list for PBXNativeTarget "Proyecto5A" */ = {
			isa = XCConfigurationList;
			buildConfigurations = (
				C853BBA927FF156E0020C28F /* Debug */,
				C853BBAA27FF156E0020C28F /* Release */,
			);
			defaultConfigurationIsVisible = 0;
			defaultConfigurationName = Release;
		};
		C853BBAB27FF156E0020C28F /* Build configuration list for PBXNativeTarget "Proyecto5ATests" */ = {
			isa = XCConfigurationList;
			buildConfigurations = (
				C853BBAC27FF156E0020C28F /* Debug */,
				C853BBAD27FF156E0020C28F /* Release */,
			);
			defaultConfigurationIsVisible = 0;
			defaultConfigurationName = Release;
		};
		C853BBAE27FF156E0020C28F /* Build configuration list for PBXNativeTarget "Proyecto5AUITests" */ = {
			isa = XCConfigurationList;
			buildConfigurations = (
				C853BBAF27FF156E0020C28F /* Debug */,
				C853BBB027FF156E0020C28F /* Release */,
			);
			defaultConfigurationIsVisible = 0;
			defaultConfigurationName = Release;
		};
/* End XCConfigurationList section */
	};
	rootObject = C853BB7127FF15670020C28F /* Project object */;
}
